// !$*UTF8*$!
{
	archiveVersion = 1;
	classes = {
	};
	objectVersion = 52;
	objects = {

/* Begin PBXBuildFile section */
		6670C9FD24D92A9500DC96D3 /* WWHReaderApp.swift in Sources */ = {isa = PBXBuildFile; fileRef = 6670C9FC24D92A9500DC96D3 /* WWHReaderApp.swift */; };
		6670C9FF24D92A9500DC96D3 /* ContentView.swift in Sources */ = {isa = PBXBuildFile; fileRef = 6670C9FE24D92A9500DC96D3 /* ContentView.swift */; };
		6670CA0124D92A9600DC96D3 /* Assets.xcassets in Resources */ = {isa = PBXBuildFile; fileRef = 6670CA0024D92A9600DC96D3 /* Assets.xcassets */; };
		6670CA0424D92A9600DC96D3 /* Preview Assets.xcassets in Resources */ = {isa = PBXBuildFile; fileRef = 6670CA0324D92A9600DC96D3 /* Preview Assets.xcassets */; };
		6670CA0C24D9331200DC96D3 /* AppModel.swift in Sources */ = {isa = PBXBuildFile; fileRef = 6670CA0B24D9331200DC96D3 /* AppModel.swift */; };
		6685EC9B24DC072B003001A2 /* ProgressViewDemo.swift in Sources */ = {isa = PBXBuildFile; fileRef = 6685EC9A24DC072B003001A2 /* ProgressViewDemo.swift */; };
		6685EC9D24DC08F1003001A2 /* HomeView.swift in Sources */ = {isa = PBXBuildFile; fileRef = 6685EC9C24DC08F1003001A2 /* HomeView.swift */; };
		6685EC9F24DC092A003001A2 /* RecommendView.swift in Sources */ = {isa = PBXBuildFile; fileRef = 6685EC9E24DC092A003001A2 /* RecommendView.swift */; };
		6685ECA124DC094B003001A2 /* DeskView.swift in Sources */ = {isa = PBXBuildFile; fileRef = 6685ECA024DC094B003001A2 /* DeskView.swift */; };
		6685ECA324DC097B003001A2 /* ProfileView.swift in Sources */ = {isa = PBXBuildFile; fileRef = 6685ECA224DC097B003001A2 /* ProfileView.swift */; };
		6685ECA524DC1079003001A2 /* Localizable.strings in Resources */ = {isa = PBXBuildFile; fileRef = 6685ECA424DC1079003001A2 /* Localizable.strings */; };
		66FA7FBD24E2B147000450F9 /* Ranking.swift in Sources */ = {isa = PBXBuildFile; fileRef = 66FA7FBC24E2B147000450F9 /* Ranking.swift */; };
		66FA7FBF24E2B849000450F9 /* RankingDetailView.swift in Sources */ = {isa = PBXBuildFile; fileRef = 66FA7FBE24E2B849000450F9 /* RankingDetailView.swift */; };
/* End PBXBuildFile section */

/* Begin PBXCopyFilesBuildPhase section */
		66A2098D24DAB15B002C9674 /* Embed Frameworks */ = {
			isa = PBXCopyFilesBuildPhase;
			buildActionMask = 2147483647;
			dstPath = "";
			dstSubfolderSpec = 10;
			files = (
			);
			name = "Embed Frameworks";
			runOnlyForDeploymentPostprocessing = 0;
		};
/* End PBXCopyFilesBuildPhase section */

/* Begin PBXFileReference section */
		6670C9F924D92A9500DC96D3 /* WWHReader.app */ = {isa = PBXFileReference; explicitFileType = wrapper.application; includeInIndex = 0; path = WWHReader.app; sourceTree = BUILT_PRODUCTS_DIR; };
		6670C9FC24D92A9500DC96D3 /* WWHReaderApp.swift */ = {isa = PBXFileReference; lastKnownFileType = sourcecode.swift; path = WWHReaderApp.swift; sourceTree = "<group>"; };
		6670C9FE24D92A9500DC96D3 /* ContentView.swift */ = {isa = PBXFileReference; lastKnownFileType = sourcecode.swift; path = ContentView.swift; sourceTree = "<group>"; };
		6670CA0024D92A9600DC96D3 /* Assets.xcassets */ = {isa = PBXFileReference; lastKnownFileType = folder.assetcatalog; path = Assets.xcassets; sourceTree = "<group>"; };
		6670CA0324D92A9600DC96D3 /* Preview Assets.xcassets */ = {isa = PBXFileReference; lastKnownFileType = folder.assetcatalog; path = "Preview Assets.xcassets"; sourceTree = "<group>"; };
		6670CA0524D92A9600DC96D3 /* Info.plist */ = {isa = PBXFileReference; lastKnownFileType = text.plist.xml; path = Info.plist; sourceTree = "<group>"; };
		6670CA0B24D9331200DC96D3 /* AppModel.swift */ = {isa = PBXFileReference; lastKnownFileType = sourcecode.swift; path = AppModel.swift; sourceTree = "<group>"; };
		6685EC9A24DC072B003001A2 /* ProgressViewDemo.swift */ = {isa = PBXFileReference; lastKnownFileType = sourcecode.swift; path = ProgressViewDemo.swift; sourceTree = "<group>"; };
		6685EC9C24DC08F1003001A2 /* HomeView.swift */ = {isa = PBXFileReference; lastKnownFileType = sourcecode.swift; path = HomeView.swift; sourceTree = "<group>"; };
		6685EC9E24DC092A003001A2 /* RecommendView.swift */ = {isa = PBXFileReference; lastKnownFileType = sourcecode.swift; path = RecommendView.swift; sourceTree = "<group>"; };
		6685ECA024DC094B003001A2 /* DeskView.swift */ = {isa = PBXFileReference; lastKnownFileType = sourcecode.swift; path = DeskView.swift; sourceTree = "<group>"; };
		6685ECA224DC097B003001A2 /* ProfileView.swift */ = {isa = PBXFileReference; lastKnownFileType = sourcecode.swift; path = ProfileView.swift; sourceTree = "<group>"; };
		6685ECA424DC1079003001A2 /* Localizable.strings */ = {isa = PBXFileReference; lastKnownFileType = text.plist.strings; path = Localizable.strings; sourceTree = "<group>"; };
		66A2097A24DAABE8002C9674 /* WWHReader.entitlements */ = {isa = PBXFileReference; lastKnownFileType = text.plist.entitlements; path = WWHReader.entitlements; sourceTree = "<group>"; };
		66FA7FBC24E2B147000450F9 /* Ranking.swift */ = {isa = PBXFileReference; lastKnownFileType = sourcecode.swift; path = Ranking.swift; sourceTree = "<group>"; };
		66FA7FBE24E2B849000450F9 /* RankingDetailView.swift */ = {isa = PBXFileReference; lastKnownFileType = sourcecode.swift; path = RankingDetailView.swift; sourceTree = "<group>"; };
/* End PBXFileReference section */

/* Begin PBXFrameworksBuildPhase section */
		6670C9F624D92A9500DC96D3 /* Frameworks */ = {
			isa = PBXFrameworksBuildPhase;
			buildActionMask = 2147483647;
			files = (
			);
			runOnlyForDeploymentPostprocessing = 0;
		};
/* End PBXFrameworksBuildPhase section */

/* Begin PBXGroup section */
		6670C9F024D92A9400DC96D3 = {
			isa = PBXGroup;
			children = (
				6670C9FB24D92A9500DC96D3 /* WWHReader */,
				6670C9FA24D92A9500DC96D3 /* Products */,
			);
			sourceTree = "<group>";
		};
		6670C9FA24D92A9500DC96D3 /* Products */ = {
			isa = PBXGroup;
			children = (
				6670C9F924D92A9500DC96D3 /* WWHReader.app */,
			);
			name = Products;
			sourceTree = "<group>";
		};
		6670C9FB24D92A9500DC96D3 /* WWHReader */ = {
			isa = PBXGroup;
			children = (
				66A2097A24DAABE8002C9674 /* WWHReader.entitlements */,
				6670CA0B24D9331200DC96D3 /* AppModel.swift */,
				6670C9FC24D92A9500DC96D3 /* WWHReaderApp.swift */,
				6670C9FE24D92A9500DC96D3 /* ContentView.swift */,
				6670CA0024D92A9600DC96D3 /* Assets.xcassets */,
				6670CA0524D92A9600DC96D3 /* Info.plist */,
				6685EC9A24DC072B003001A2 /* ProgressViewDemo.swift */,
				6685EC9C24DC08F1003001A2 /* HomeView.swift */,
				6685EC9E24DC092A003001A2 /* RecommendView.swift */,
				6685ECA024DC094B003001A2 /* DeskView.swift */,
				6685ECA224DC097B003001A2 /* ProfileView.swift */,
				66FA7FBE24E2B849000450F9 /* RankingDetailView.swift */,
				6685ECA424DC1079003001A2 /* Localizable.strings */,
				66FA7FBC24E2B147000450F9 /* Ranking.swift */,
				6670CA0224D92A9600DC96D3 /* Preview Content */,
			);
			path = WWHReader;
			sourceTree = "<group>";
		};
		6670CA0224D92A9600DC96D3 /* Preview Content */ = {
			isa = PBXGroup;
			children = (
				6670CA0324D92A9600DC96D3 /* Preview Assets.xcassets */,
			);
			path = "Preview Content";
			sourceTree = "<group>";
		};
/* End PBXGroup section */

/* Begin PBXNativeTarget section */
		6670C9F824D92A9500DC96D3 /* WWHReader */ = {
			isa = PBXNativeTarget;
			buildConfigurationList = 6670CA0824D92A9600DC96D3 /* Build configuration list for PBXNativeTarget "WWHReader" */;
			buildPhases = (
				6670C9F524D92A9500DC96D3 /* Sources */,
				6670C9F624D92A9500DC96D3 /* Frameworks */,
				6670C9F724D92A9500DC96D3 /* Resources */,
				66A2098D24DAB15B002C9674 /* Embed Frameworks */,
			);
			buildRules = (
			);
			dependencies = (
			);
			name = WWHReader;
			packageProductDependencies = (
			);
			productName = WWHReader;
			productReference = 6670C9F924D92A9500DC96D3 /* WWHReader.app */;
			productType = "com.apple.product-type.application";
		};
/* End PBXNativeTarget section */

/* Begin PBXProject section */
		6670C9F124D92A9400DC96D3 /* Project object */ = {
			isa = PBXProject;
			attributes = {
				LastSwiftUpdateCheck = 1200;
				LastUpgradeCheck = 1200;
				TargetAttributes = {
					6670C9F824D92A9500DC96D3 = {
						CreatedOnToolsVersion = 12.0;
					};
				};
			};
			buildConfigurationList = 6670C9F424D92A9500DC96D3 /* Build configuration list for PBXProject "WWHReader" */;
			compatibilityVersion = "Xcode 9.3";
			developmentRegion = en;
			hasScannedForEncodings = 0;
			knownRegions = (
				en,
				Base,
			);
			mainGroup = 6670C9F024D92A9400DC96D3;
			packageReferences = (
				66A2097B24DAAF23002C9674 /* XCRemoteSwiftPackageReference "SwiftyJSON" */,
				66A2097E24DAB15B002C9674 /* XCRemoteSwiftPackageReference "Kingfisher" */,
			);
			productRefGroup = 6670C9FA24D92A9500DC96D3 /* Products */;
			projectDirPath = "";
			projectRoot = "";
			targets = (
				6670C9F824D92A9500DC96D3 /* WWHReader */,
			);
		};
/* End PBXProject section */

/* Begin PBXResourcesBuildPhase section */
		6670C9F724D92A9500DC96D3 /* Resources */ = {
			isa = PBXResourcesBuildPhase;
			buildActionMask = 2147483647;
			files = (
				6670CA0424D92A9600DC96D3 /* Preview Assets.xcassets in Resources */,
				6685ECA524DC1079003001A2 /* Localizable.strings in Resources */,
				6670CA0124D92A9600DC96D3 /* Assets.xcassets in Resources */,
			);
			runOnlyForDeploymentPostprocessing = 0;
		};
/* End PBXResourcesBuildPhase section */

/* Begin PBXSourcesBuildPhase section */
		6670C9F524D92A9500DC96D3 /* Sources */ = {
			isa = PBXSourcesBuildPhase;
			buildActionMask = 2147483647;
			files = (
				6685ECA324DC097B003001A2 /* ProfileView.swift in Sources */,
				6670C9FF24D92A9500DC96D3 /* ContentView.swift in Sources */,
				6685ECA124DC094B003001A2 /* DeskView.swift in Sources */,
				6685EC9F24DC092A003001A2 /* RecommendView.swift in Sources */,
				6685EC9B24DC072B003001A2 /* ProgressViewDemo.swift in Sources */,
				6670CA0C24D9331200DC96D3 /* AppModel.swift in Sources */,
				6685EC9D24DC08F1003001A2 /* HomeView.swift in Sources */,
				66FA7FBD24E2B147000450F9 /* Ranking.swift in Sources */,
				66FA7FBF24E2B849000450F9 /* RankingDetailView.swift in Sources */,
				6670C9FD24D92A9500DC96D3 /* WWHReaderApp.swift in Sources */,
			);
			runOnlyForDeploymentPostprocessing = 0;
		};
/* End PBXSourcesBuildPhase section */

/* Begin XCBuildConfiguration section */
		6670CA0624D92A9600DC96D3 /* Debug */ = {
			isa = XCBuildConfiguration;
			buildSettings = {
				ALWAYS_SEARCH_USER_PATHS = NO;
				CLANG_ANALYZER_NONNULL = YES;
				CLANG_ANALYZER_NUMBER_OBJECT_CONVERSION = YES_AGGRESSIVE;
				CLANG_CXX_LANGUAGE_STANDARD = "gnu++14";
				CLANG_CXX_LIBRARY = "libc++";
				CLANG_ENABLE_MODULES = YES;
				CLANG_ENABLE_OBJC_ARC = YES;
				CLANG_ENABLE_OBJC_WEAK = YES;
				CLANG_WARN_BLOCK_CAPTURE_AUTORELEASING = YES;
				CLANG_WARN_BOOL_CONVERSION = YES;
				CLANG_WARN_COMMA = YES;
				CLANG_WARN_CONSTANT_CONVERSION = YES;
				CLANG_WARN_DEPRECATED_OBJC_IMPLEMENTATIONS = YES;
				CLANG_WARN_DIRECT_OBJC_ISA_USAGE = YES_ERROR;
				CLANG_WARN_DOCUMENTATION_COMMENTS = YES;
				CLANG_WARN_EMPTY_BODY = YES;
				CLANG_WARN_ENUM_CONVERSION = YES;
				CLANG_WARN_INFINITE_RECURSION = YES;
				CLANG_WARN_INT_CONVERSION = YES;
				CLANG_WARN_NON_LITERAL_NULL_CONVERSION = YES;
				CLANG_WARN_OBJC_IMPLICIT_RETAIN_SELF = YES;
				CLANG_WARN_OBJC_LITERAL_CONVERSION = YES;
				CLANG_WARN_OBJC_ROOT_CLASS = YES_ERROR;
				CLANG_WARN_QUOTED_INCLUDE_IN_FRAMEWORK_HEADER = YES;
				CLANG_WARN_RANGE_LOOP_ANALYSIS = YES;
				CLANG_WARN_STRICT_PROTOTYPES = YES;
				CLANG_WARN_SUSPICIOUS_MOVE = YES;
				CLANG_WARN_UNGUARDED_AVAILABILITY = YES_AGGRESSIVE;
				CLANG_WARN_UNREACHABLE_CODE = YES;
				CLANG_WARN__DUPLICATE_METHOD_MATCH = YES;
				COPY_PHASE_STRIP = NO;
				DEBUG_INFORMATION_FORMAT = dwarf;
				ENABLE_STRICT_OBJC_MSGSEND = YES;
				ENABLE_TESTABILITY = YES;
				GCC_C_LANGUAGE_STANDARD = gnu11;
				GCC_DYNAMIC_NO_PIC = NO;
				GCC_NO_COMMON_BLOCKS = YES;
				GCC_OPTIMIZATION_LEVEL = 0;
				GCC_PREPROCESSOR_DEFINITIONS = (
					"DEBUG=1",
					"$(inherited)",
				);
				GCC_WARN_64_TO_32_BIT_CONVERSION = YES;
				GCC_WARN_ABOUT_RETURN_TYPE = YES_ERROR;
				GCC_WARN_UNDECLARED_SELECTOR = YES;
				GCC_WARN_UNINITIALIZED_AUTOS = YES_AGGRESSIVE;
				GCC_WARN_UNUSED_FUNCTION = YES;
				GCC_WARN_UNUSED_VARIABLE = YES;
				IPHONEOS_DEPLOYMENT_TARGET = 14.0;
				MTL_ENABLE_DEBUG_INFO = INCLUDE_SOURCE;
				MTL_FAST_MATH = YES;
				ONLY_ACTIVE_ARCH = YES;
				SDKROOT = iphoneos;
				SWIFT_ACTIVE_COMPILATION_CONDITIONS = DEBUG;
				SWIFT_OPTIMIZATION_LEVEL = "-Onone";
			};
			name = Debug;
		};
		6670CA0724D92A9600DC96D3 /* Release */ = {
			isa = XCBuildConfiguration;
			buildSettings = {
				ALWAYS_SEARCH_USER_PATHS = NO;
				CLANG_ANALYZER_NONNULL = YES;
				CLANG_ANALYZER_NUMBER_OBJECT_CONVERSION = YES_AGGRESSIVE;
				CLANG_CXX_LANGUAGE_STANDARD = "gnu++14";
				CLANG_CXX_LIBRARY = "libc++";
				CLANG_ENABLE_MODULES = YES;
				CLANG_ENABLE_OBJC_ARC = YES;
				CLANG_ENABLE_OBJC_WEAK = YES;
				CLANG_WARN_BLOCK_CAPTURE_AUTORELEASING = YES;
				CLANG_WARN_BOOL_CONVERSION = YES;
				CLANG_WARN_COMMA = YES;
				CLANG_WARN_CONSTANT_CONVERSION = YES;
				CLANG_WARN_DEPRECATED_OBJC_IMPLEMENTATIONS = YES;
				CLANG_WARN_DIRECT_OBJC_ISA_USAGE = YES_ERROR;
				CLANG_WARN_DOCUMENTATION_COMMENTS = YES;
				CLANG_WARN_EMPTY_BODY = YES;
				CLANG_WARN_ENUM_CONVERSION = YES;
				CLANG_WARN_INFINITE_RECURSION = YES;
				CLANG_WARN_INT_CONVERSION = YES;
				CLANG_WARN_NON_LITERAL_NULL_CONVERSION = YES;
				CLANG_WARN_OBJC_IMPLICIT_RETAIN_SELF = YES;
				CLANG_WARN_OBJC_LITERAL_CONVERSION = YES;
				CLANG_WARN_OBJC_ROOT_CLASS = YES_ERROR;
				CLANG_WARN_QUOTED_INCLUDE_IN_FRAMEWORK_HEADER = YES;
				CLANG_WARN_RANGE_LOOP_ANALYSIS = YES;
				CLANG_WARN_STRICT_PROTOTYPES = YES;
				CLANG_WARN_SUSPICIOUS_MOVE = YES;
				CLANG_WARN_UNGUARDED_AVAILABILITY = YES_AGGRESSIVE;
				CLANG_WARN_UNREACHABLE_CODE = YES;
				CLANG_WARN__DUPLICATE_METHOD_MATCH = YES;
				COPY_PHASE_STRIP = NO;
				DEBUG_INFORMATION_FORMAT = "dwarf-with-dsym";
				ENABLE_NS_ASSERTIONS = NO;
				ENABLE_STRICT_OBJC_MSGSEND = YES;
				GCC_C_LANGUAGE_STANDARD = gnu11;
				GCC_NO_COMMON_BLOCKS = YES;
				GCC_WARN_64_TO_32_BIT_CONVERSION = YES;
				GCC_WARN_ABOUT_RETURN_TYPE = YES_ERROR;
				GCC_WARN_UNDECLARED_SELECTOR = YES;
				GCC_WARN_UNINITIALIZED_AUTOS = YES_AGGRESSIVE;
				GCC_WARN_UNUSED_FUNCTION = YES;
				GCC_WARN_UNUSED_VARIABLE = YES;
				IPHONEOS_DEPLOYMENT_TARGET = 14.0;
				MTL_ENABLE_DEBUG_INFO = NO;
				MTL_FAST_MATH = YES;
				SDKROOT = iphoneos;
				SWIFT_COMPILATION_MODE = wholemodule;
				SWIFT_OPTIMIZATION_LEVEL = "-O";
				VALIDATE_PRODUCT = YES;
			};
			name = Release;
		};
		6670CA0924D92A9600DC96D3 /* Debug */ = {
			isa = XCBuildConfiguration;
			buildSettings = {
				ASSETCATALOG_COMPILER_APPICON_NAME = AppIcon;
				ASSETCATALOG_COMPILER_GLOBAL_ACCENT_COLOR_NAME = AccentColor;
				CODE_SIGN_ENTITLEMENTS = WWHReader/WWHReader.entitlements;
				CODE_SIGN_STYLE = Automatic;
				DEVELOPMENT_ASSET_PATHS = "\"WWHReader/Preview Content\"";
				DEVELOPMENT_TEAM = 9PAC8ZMGT5;
				ENABLE_PREVIEWS = YES;
				INFOPLIST_FILE = WWHReader/Info.plist;
				IPHONEOS_DEPLOYMENT_TARGET = 14.0;
				LD_RUNPATH_SEARCH_PATHS = (
					"$(inherited)",
					"@executable_path/Frameworks",
				);
				PRODUCT_BUNDLE_IDENTIFIER = com.wangweihu.Moonshot;
				PRODUCT_NAME = "$(TARGET_NAME)";
				SUPPORTS_MACCATALYST = NO;
				SWIFT_VERSION = 5.0;
				TARGETED_DEVICE_FAMILY = "1,2";
			};
			name = Debug;
		};
		6670CA0A24D92A9600DC96D3 /* Release */ = {
			isa = XCBuildConfiguration;
			buildSettings = {
				ASSETCATALOG_COMPILER_APPICON_NAME = AppIcon;
				ASSETCATALOG_COMPILER_GLOBAL_ACCENT_COLOR_NAME = AccentColor;
				CODE_SIGN_ENTITLEMENTS = WWHReader/WWHReader.entitlements;
				CODE_SIGN_STYLE = Automatic;
				DEVELOPMENT_ASSET_PATHS = "\"WWHReader/Preview Content\"";
				DEVELOPMENT_TEAM = 9PAC8ZMGT5;
				ENABLE_PREVIEWS = YES;
				INFOPLIST_FILE = WWHReader/Info.plist;
				IPHONEOS_DEPLOYMENT_TARGET = 14.0;
				LD_RUNPATH_SEARCH_PATHS = (
					"$(inherited)",
					"@executable_path/Frameworks",
				);
				PRODUCT_BUNDLE_IDENTIFIER = com.wangweihu.Moonshot;
				PRODUCT_NAME = "$(TARGET_NAME)";
				SUPPORTS_MACCATALYST = NO;
				SWIFT_VERSION = 5.0;
				TARGETED_DEVICE_FAMILY = "1,2";
			};
			name = Release;
		};
/* End XCBuildConfiguration section */

/* Begin XCConfigurationList section */
		6670C9F424D92A9500DC96D3 /* Build configuration list for PBXProject "WWHReader" */ = {
			isa = XCConfigurationList;
			buildConfigurations = (
				6670CA0624D92A9600DC96D3 /* Debug */,
				6670CA0724D92A9600DC96D3 /* Release */,
			);
			defaultConfigurationIsVisible = 0;
			defaultConfigurationName = Release;
		};
		6670CA0824D92A9600DC96D3 /* Build configuration list for PBXNativeTarget "WWHReader" */ = {
			isa = XCConfigurationList;
			buildConfigurations = (
				6670CA0924D92A9600DC96D3 /* Debug */,
				6670CA0A24D92A9600DC96D3 /* Release */,
			);
			defaultConfigurationIsVisible = 0;
			defaultConfigurationName = Release;
		};
/* End XCConfigurationList section */

/* Begin XCRemoteSwiftPackageReference section */
		66A2097B24DAAF23002C9674 /* XCRemoteSwiftPackageReference "SwiftyJSON" */ = {
			isa = XCRemoteSwiftPackageReference;
			repositoryURL = "https://github.com/SwiftyJSON/SwiftyJSON";
			requirement = {
				kind = upToNextMajorVersion;
				minimumVersion = 5.0.0;
			};
		};
		66A2097E24DAB15B002C9674 /* XCRemoteSwiftPackageReference "Kingfisher" */ = {
			isa = XCRemoteSwiftPackageReference;
			repositoryURL = "https://github.com/onevcat/Kingfisher";
			requirement = {
				kind = upToNextMajorVersion;
				minimumVersion = 5.14.1;
			};
		};
/* End XCRemoteSwiftPackageReference section */
	};
	rootObject = 6670C9F124D92A9400DC96D3 /* Project object */;
}
